
Microsoft Visual Studio Solution File, Format Version 12.00
# Visual Studio Version 17
VisualStudioVersion = 17.6.33801.468
MinimumVisualStudioVersion = 10.0.40219.1
Project("{FAE04EC0-301F-11D3-BF4B-00C04F79EFBC}") = "ConsoleApp4", "..\ConsoleApp4\ConsoleApp4.csproj", "{08CA4478-FF14-4E9F-9BA0-B0B3BA6D377D}"
EndProject
Project("{FAE04EC0-301F-11D3-BF4B-00C04F79EFBC}") = "ConsoleApp5", "..\ConsoleApp5\ConsoleApp5.csproj", "{6D91749C-02EE-4159-8E71-3B92F47850B6}"
EndProject
Global
	GlobalSection(SolutionConfigurationPlatforms) = preSolution
		Debug|Any CPU = Debug|Any CPU
		Debug|ARM64 = Debug|ARM64
		Release|Any CPU = Release|Any CPU
		Release|ARM64 = Release|ARM64
	EndGlobalSection
	GlobalSection(ProjectConfigurationPlatforms) = postSolution
		{08CA4478-FF14-4E9F-9BA0-B0B3BA6D377D}.Debug|Any CPU.ActiveCfg = Debug|Any CPU
		{08CA4478-FF14-4E9F-9BA0-B0B3BA6D377D}.Debug|Any CPU.Build.0 = Debug|Any CPU
		{08CA4478-FF14-4E9F-9BA0-B0B3BA6D377D}.Debug|ARM64.ActiveCfg = Debug|Any CPU
		{08CA4478-FF14-4E9F-9BA0-B0B3BA6D377D}.Debug|ARM64.Build.0 = Debug|Any CPU
		{08CA4478-FF14-4E9F-9BA0-B0B3BA6D377D}.Release|Any CPU.ActiveCfg = Release|Any CPU
		{08CA4478-FF14-4E9F-9BA0-B0B3BA6D377D}.Release|Any CPU.Build.0 = Release|Any CPU
		{08CA4478-FF14-4E9F-9BA0-B0B3BA6D377D}.Release|ARM64.ActiveCfg = Release|Any CPU
		{08CA4478-FF14-4E9F-9BA0-B0B3BA6D377D}.Release|ARM64.Build.0 = Release|Any CPU
		{6D91749C-02EE-4159-8E71-3B92F47850B6}.Debug|Any CPU.ActiveCfg = Debug|Any CPU
		{6D91749C-02EE-4159-8E71-3B92F47850B6}.Debug|Any CPU.Build.0 = Debug|Any CPU
		{6D91749C-02EE-4159-8E71-3B92F47850B6}.Debug|ARM64.ActiveCfg = Debug|Any CPU
		{6D91749C-02EE-4159-8E71-3B92F47850B6}.Debug|ARM64.Build.0 = Debug|Any CPU
		{6D91749C-02EE-4159-8E71-3B92F47850B6}.Release|Any CPU.ActiveCfg = Release|Any CPU
		{6D91749C-02EE-4159-8E71-3B92F47850B6}.Release|Any CPU.Build.0 = Release|Any CPU
		{6D91749C-02EE-4159-8E71-3B92F47850B6}.Release|ARM64.ActiveCfg = Release|Any CPU
		{6D91749C-02EE-4159-8E71-3B92F47850B6}.Release|ARM64.Build.0 = Release|Any CPU
	EndGlobalSection
	GlobalSection(SolutionProperties) = preSolution
		HideSolutionNode = FALSE
	EndGlobalSection
	GlobalSection(ExtensibilityGlobals) = postSolution
		SolutionGuid = {B77F8A34-8258-4D2D-B860-F545BC16D7A1}
	EndGlobalSection
EndGlobal
